
Microsoft Visual Studio Solution File, Format Version 12.00
# Visual Studio Version 16
VisualStudioVersion = 16.0.29403.142
MinimumVisualStudioVersion = 10.0.40219.1
Project("{FAE04EC0-301F-11D3-BF4B-00C04F79EFBC}") = "PetsApi", "PetsApi\PetsApi.csproj", "{417E41BE-9CDD-44F0-BFD6-3E5B1753E3E8}"
EndProject
Project("{FAE04EC0-301F-11D3-BF4B-00C04F79EFBC}") = "Pets.Core", "Pets.Core\Pets.Core.csproj", "{7DBB0365-F725-4E87-B422-92EDF4FAEF1E}"
EndProject
Project("{FAE04EC0-301F-11D3-BF4B-00C04F79EFBC}") = "Pets.Tests", "Pets.Tests\Pets.Tests.csproj", "{46F8A548-9DC1-4012-BAC3-1A9D56282C98}"
EndProject
Global
	GlobalSection(SolutionConfigurationPlatforms) = preSolution
		Debug|Any CPU = Debug|Any CPU
		Release|Any CPU = Release|Any CPU
	EndGlobalSection
	GlobalSection(ProjectConfigurationPlatforms) = postSolution
		{417E41BE-9CDD-44F0-BFD6-3E5B1753E3E8}.Debug|Any CPU.ActiveCfg = Debug|Any CPU
		{417E41BE-9CDD-44F0-BFD6-3E5B1753E3E8}.Debug|Any CPU.Build.0 = Debug|Any CPU
		{417E41BE-9CDD-44F0-BFD6-3E5B1753E3E8}.Release|Any CPU.ActiveCfg = Release|Any CPU
		{417E41BE-9CDD-44F0-BFD6-3E5B1753E3E8}.Release|Any CPU.Build.0 = Release|Any CPU
		{7DBB0365-F725-4E87-B422-92EDF4FAEF1E}.Debug|Any CPU.ActiveCfg = Debug|Any CPU
		{7DBB0365-F725-4E87-B422-92EDF4FAEF1E}.Debug|Any CPU.Build.0 = Debug|Any CPU
		{7DBB0365-F725-4E87-B422-92EDF4FAEF1E}.Release|Any CPU.ActiveCfg = Release|Any CPU
		{7DBB0365-F725-4E87-B422-92EDF4FAEF1E}.Release|Any CPU.Build.0 = Release|Any CPU
		{46F8A548-9DC1-4012-BAC3-1A9D56282C98}.Debug|Any CPU.ActiveCfg = Debug|Any CPU
		{46F8A548-9DC1-4012-BAC3-1A9D56282C98}.Debug|Any CPU.Build.0 = Debug|Any CPU
		{46F8A548-9DC1-4012-BAC3-1A9D56282C98}.Release|Any CPU.ActiveCfg = Release|Any CPU
		{46F8A548-9DC1-4012-BAC3-1A9D56282C98}.Release|Any CPU.Build.0 = Release|Any CPU
	EndGlobalSection
	GlobalSection(SolutionProperties) = preSolution
		HideSolutionNode = FALSE
	EndGlobalSection
	GlobalSection(ExtensibilityGlobals) = postSolution
		SolutionGuid = {738A5655-36EF-4EC3-BC0F-ECF08B45B975}
	EndGlobalSection
EndGlobal
